
Microsoft Visual Studio Solution File, Format Version 12.00
# Visual Studio Version 17
VisualStudioVersion = 17.1.32210.238
MinimumVisualStudioVersion = 10.0.40219.1
Project("{FAE04EC0-301F-11D3-BF4B-00C04F79EFBC}") = "Ex03.GarageLogic", "Ex03.GarageLogic\Ex03.GarageLogic.csproj", "{76BF87EE-9713-47BD-8245-A045BC1FB213}"
EndProject
Project("{FAE04EC0-301F-11D3-BF4B-00C04F79EFBC}") = "Ex03.ConsoleUI", "Ex03.ConsoleUI\Ex03.ConsoleUI.csproj", "{1F6A467D-187A-4361-9187-9F7AD0893F5A}"
EndProject
Global
	GlobalSection(SolutionConfigurationPlatforms) = preSolution
		Debug|Any CPU = Debug|Any CPU
		Release|Any CPU = Release|Any CPU
	EndGlobalSection
	GlobalSection(ProjectConfigurationPlatforms) = postSolution
		{76BF87EE-9713-47BD-8245-A045BC1FB213}.Debug|Any CPU.ActiveCfg = Debug|Any CPU
		{76BF87EE-9713-47BD-8245-A045BC1FB213}.Debug|Any CPU.Build.0 = Debug|Any CPU
		{76BF87EE-9713-47BD-8245-A045BC1FB213}.Release|Any CPU.ActiveCfg = Release|Any CPU
		{76BF87EE-9713-47BD-8245-A045BC1FB213}.Release|Any CPU.Build.0 = Release|Any CPU
		{1F6A467D-187A-4361-9187-9F7AD0893F5A}.Debug|Any CPU.ActiveCfg = Debug|Any CPU
		{1F6A467D-187A-4361-9187-9F7AD0893F5A}.Debug|Any CPU.Build.0 = Debug|Any CPU
		{1F6A467D-187A-4361-9187-9F7AD0893F5A}.Release|Any CPU.ActiveCfg = Release|Any CPU
		{1F6A467D-187A-4361-9187-9F7AD0893F5A}.Release|Any CPU.Build.0 = Release|Any CPU
	EndGlobalSection
	GlobalSection(SolutionProperties) = preSolution
		HideSolutionNode = FALSE
	EndGlobalSection
	GlobalSection(ExtensibilityGlobals) = postSolution
		SolutionGuid = {8AD9D022-3876-44C5-815C-B0326DC751B2}
	EndGlobalSection
EndGlobal
